
Microsoft Visual Studio Solution File, Format Version 12.00
# Visual Studio Version 17
VisualStudioVersion = 17.1.32328.378
MinimumVisualStudioVersion = 10.0.40219.1
Project("{FAE04EC0-301F-11D3-BF4B-00C04F79EFBC}") = "ROBANK", "ROBANK\ROBANK.csproj", "{89F50E2D-BEE8-4ADD-855D-80DEE93D5195}"
EndProject
Global
	GlobalSection(SolutionConfigurationPlatforms) = preSolution
		Debug|Any CPU = Debug|Any CPU
		Release|Any CPU = Release|Any CPU
	EndGlobalSection
	GlobalSection(ProjectConfigurationPlatforms) = postSolution
		{89F50E2D-BEE8-4ADD-855D-80DEE93D5195}.Debug|Any CPU.ActiveCfg = Debug|Any CPU
		{89F50E2D-BEE8-4ADD-855D-80DEE93D5195}.Debug|Any CPU.Build.0 = Debug|Any CPU
		{89F50E2D-BEE8-4ADD-855D-80DEE93D5195}.Release|Any CPU.ActiveCfg = Release|Any CPU
		{89F50E2D-BEE8-4ADD-855D-80DEE93D5195}.Release|Any CPU.Build.0 = Release|Any CPU
	EndGlobalSection
	GlobalSection(SolutionProperties) = preSolution
		HideSolutionNode = FALSE
	EndGlobalSection
	GlobalSection(ExtensibilityGlobals) = postSolution
		SolutionGuid = {171A8643-BF91-4B40-87CF-4E5502276625}
	EndGlobalSection
EndGlobal
